// !$*UTF8*$!
{
	archiveVersion = 1;
	classes = {
	};
	objectVersion = 77;
	objects = {

/* Begin PBXBuildFile section */
		111FEE172D85985600C1F662 /* ExpiringSoonProductsListView.swift in Sources */ = {isa = PBXBuildFile; fileRef = 111FEE162D85985600C1F662 /* ExpiringSoonProductsListView.swift */; };
		115E9A4B2D82A17600F017F1 /* Preview Assets.xcassets in Resources */ = {isa = PBXBuildFile; fileRef = 115E9A452D82A17600F017F1 /* Preview Assets.xcassets */; };
		115E9A4C2D82A17600F017F1 /* Assets.xcassets in Resources */ = {isa = PBXBuildFile; fileRef = 115E9A472D82A17600F017F1 /* Assets.xcassets */; };
		115E9A4D2D82A17600F017F1 /* HomeView.swift in Sources */ = {isa = PBXBuildFile; fileRef = 115E9A482D82A17600F017F1 /* HomeView.swift */; };
		115E9A4E2D82A17600F017F1 /* GroceryTrackerApp.swift in Sources */ = {isa = PBXBuildFile; fileRef = 115E9A492D82A17600F017F1 /* GroceryTrackerApp.swift */; };
		115E9A522D82B34D00F017F1 /* HeaderView.swift in Sources */ = {isa = PBXBuildFile; fileRef = 115E9A512D82B34D00F017F1 /* HeaderView.swift */; };
		115E9A542D82CA5D00F017F1 /* GroceryBudgetView.swift in Sources */ = {isa = PBXBuildFile; fileRef = 115E9A532D82CA5D00F017F1 /* GroceryBudgetView.swift */; };
		115E9A562D82D2B000F017F1 /* ExpiredProducts.swift in Sources */ = {isa = PBXBuildFile; fileRef = 115E9A552D82D2B000F017F1 /* ExpiredProducts.swift */; };
		115E9A592D82D31800F017F1 /* ItemsViewModel.swift in Sources */ = {isa = PBXBuildFile; fileRef = 115E9A582D82D31800F017F1 /* ItemsViewModel.swift */; };
		115E9A5B2D82DA1300F017F1 /* ExpiredProductsView.swift in Sources */ = {isa = PBXBuildFile; fileRef = 115E9A5A2D82DA1300F017F1 /* ExpiredProductsView.swift */; };
		118611462D82FDF1003E9789 /* CustomTabBar.swift in Sources */ = {isa = PBXBuildFile; fileRef = 118611452D82FDF1003E9789 /* CustomTabBar.swift */; };
		11B5AEFF2D83084E00DAAE26 /* MainView.swift in Sources */ = {isa = PBXBuildFile; fileRef = 11B5AEFE2D83084E00DAAE26 /* MainView.swift */; };
		11B5AF012D830CAF00DAAE26 /* ExpiredProductsListView.swift in Sources */ = {isa = PBXBuildFile; fileRef = 11B5AF002D830CAF00DAAE26 /* ExpiredProductsListView.swift */; };
		11DCF5DA2D82ED900099CCC6 /* ExpiringSoonProductsView.swift in Sources */ = {isa = PBXBuildFile; fileRef = 11DCF5D92D82ED900099CCC6 /* ExpiringSoonProductsView.swift */; };
		11DCF5DC2D82EF870099CCC6 /* FamilyMembersView.swift in Sources */ = {isa = PBXBuildFile; fileRef = 11DCF5DB2D82EF870099CCC6 /* FamilyMembersView.swift */; };
		11EFEE582D82E2B500AA5719 /* ExpiringSoonProducts.swift in Sources */ = {isa = PBXBuildFile; fileRef = 11EFEE572D82E2B400AA5719 /* ExpiringSoonProducts.swift */; };
/* End PBXBuildFile section */

/* Begin PBXFileReference section */
		111FEE162D85985600C1F662 /* ExpiringSoonProductsListView.swift */ = {isa = PBXFileReference; lastKnownFileType = sourcecode.swift; path = ExpiringSoonProductsListView.swift; sourceTree = "<group>"; };
		115E9A342D82A16F00F017F1 /* GroceryTracker.app */ = {isa = PBXFileReference; explicitFileType = wrapper.application; includeInIndex = 0; path = GroceryTracker.app; sourceTree = BUILT_PRODUCTS_DIR; };
		115E9A452D82A17600F017F1 /* Preview Assets.xcassets */ = {isa = PBXFileReference; lastKnownFileType = folder.assetcatalog; path = "Preview Assets.xcassets"; sourceTree = "<group>"; };
		115E9A472D82A17600F017F1 /* Assets.xcassets */ = {isa = PBXFileReference; lastKnownFileType = folder.assetcatalog; path = Assets.xcassets; sourceTree = "<group>"; };
		115E9A482D82A17600F017F1 /* HomeView.swift */ = {isa = PBXFileReference; lastKnownFileType = sourcecode.swift; path = HomeView.swift; sourceTree = "<group>"; };
		115E9A492D82A17600F017F1 /* GroceryTrackerApp.swift */ = {isa = PBXFileReference; lastKnownFileType = sourcecode.swift; path = GroceryTrackerApp.swift; sourceTree = "<group>"; };
		115E9A512D82B34D00F017F1 /* HeaderView.swift */ = {isa = PBXFileReference; lastKnownFileType = sourcecode.swift; path = HeaderView.swift; sourceTree = "<group>"; };
		115E9A532D82CA5D00F017F1 /* GroceryBudgetView.swift */ = {isa = PBXFileReference; lastKnownFileType = sourcecode.swift; path = GroceryBudgetView.swift; sourceTree = "<group>"; };
		115E9A552D82D2B000F017F1 /* ExpiredProducts.swift */ = {isa = PBXFileReference; lastKnownFileType = sourcecode.swift; path = ExpiredProducts.swift; sourceTree = "<group>"; };
		115E9A582D82D31800F017F1 /* ItemsViewModel.swift */ = {isa = PBXFileReference; lastKnownFileType = sourcecode.swift; path = ItemsViewModel.swift; sourceTree = "<group>"; };
		115E9A5A2D82DA1300F017F1 /* ExpiredProductsView.swift */ = {isa = PBXFileReference; lastKnownFileType = sourcecode.swift; path = ExpiredProductsView.swift; sourceTree = "<group>"; };
		118611452D82FDF1003E9789 /* CustomTabBar.swift */ = {isa = PBXFileReference; lastKnownFileType = sourcecode.swift; path = CustomTabBar.swift; sourceTree = "<group>"; };
		11B5AEFE2D83084E00DAAE26 /* MainView.swift */ = {isa = PBXFileReference; lastKnownFileType = sourcecode.swift; path = MainView.swift; sourceTree = "<group>"; };
		11B5AF002D830CAF00DAAE26 /* ExpiredProductsListView.swift */ = {isa = PBXFileReference; lastKnownFileType = sourcecode.swift; path = ExpiredProductsListView.swift; sourceTree = "<group>"; };
		11DCF5D92D82ED900099CCC6 /* ExpiringSoonProductsView.swift */ = {isa = PBXFileReference; lastKnownFileType = sourcecode.swift; path = ExpiringSoonProductsView.swift; sourceTree = "<group>"; };
		11DCF5DB2D82EF870099CCC6 /* FamilyMembersView.swift */ = {isa = PBXFileReference; lastKnownFileType = sourcecode.swift; path = FamilyMembersView.swift; sourceTree = "<group>"; };
		11EFEE572D82E2B400AA5719 /* ExpiringSoonProducts.swift */ = {isa = PBXFileReference; lastKnownFileType = sourcecode.swift; path = ExpiringSoonProducts.swift; sourceTree = "<group>"; };
/* End PBXFileReference section */

/* Begin PBXFrameworksBuildPhase section */
		115E9A312D82A16F00F017F1 /* Frameworks */ = {
			isa = PBXFrameworksBuildPhase;
			buildActionMask = 2147483647;
			files = (
			);
			runOnlyForDeploymentPostprocessing = 0;
		};
/* End PBXFrameworksBuildPhase section */

/* Begin PBXGroup section */
		115E9A2B2D82A16F00F017F1 = {
			isa = PBXGroup;
			children = (
				115E9A4A2D82A17600F017F1 /* GroceryTracker */,
				115E9A352D82A16F00F017F1 /* Products */,
			);
			sourceTree = "<group>";
		};
		115E9A352D82A16F00F017F1 /* Products */ = {
			isa = PBXGroup;
			children = (
				115E9A342D82A16F00F017F1 /* GroceryTracker.app */,
			);
			name = Products;
			sourceTree = "<group>";
		};
		115E9A462D82A17600F017F1 /* Preview Content */ = {
			isa = PBXGroup;
			children = (
				115E9A452D82A17600F017F1 /* Preview Assets.xcassets */,
			);
			path = "Preview Content";
			sourceTree = "<group>";
		};
		115E9A4A2D82A17600F017F1 /* GroceryTracker */ = {
			isa = PBXGroup;
			children = (
				115E9A4F2D82A17A00F017F1 /* Models */,
				115E9A572D82D30700F017F1 /* ViewModel */,
				115E9A502D82A17C00F017F1 /* Views */,
				115E9A462D82A17600F017F1 /* Preview Content */,
				115E9A472D82A17600F017F1 /* Assets.xcassets */,
				115E9A492D82A17600F017F1 /* GroceryTrackerApp.swift */,
			);
			path = GroceryTracker;
			sourceTree = "<group>";
		};
		115E9A4F2D82A17A00F017F1 /* Models */ = {
			isa = PBXGroup;
			children = (
				115E9A552D82D2B000F017F1 /* ExpiredProducts.swift */,
				11EFEE572D82E2B400AA5719 /* ExpiringSoonProducts.swift */,
			);
			path = Models;
			sourceTree = "<group>";
		};
		115E9A502D82A17C00F017F1 /* Views */ = {
			isa = PBXGroup;
			children = (
				115E9A482D82A17600F017F1 /* HomeView.swift */,
				115E9A512D82B34D00F017F1 /* HeaderView.swift */,
				115E9A532D82CA5D00F017F1 /* GroceryBudgetView.swift */,
				115E9A5A2D82DA1300F017F1 /* ExpiredProductsView.swift */,
				11DCF5D92D82ED900099CCC6 /* ExpiringSoonProductsView.swift */,
				11DCF5DB2D82EF870099CCC6 /* FamilyMembersView.swift */,
				118611452D82FDF1003E9789 /* CustomTabBar.swift */,
				11B5AEFE2D83084E00DAAE26 /* MainView.swift */,
				11B5AF002D830CAF00DAAE26 /* ExpiredProductsListView.swift */,
				111FEE162D85985600C1F662 /* ExpiringSoonProductsListView.swift */,
			);
			path = Views;
			sourceTree = "<group>";
		};
		115E9A572D82D30700F017F1 /* ViewModel */ = {
			isa = PBXGroup;
			children = (
				115E9A582D82D31800F017F1 /* ItemsViewModel.swift */,
			);
			path = ViewModel;
			sourceTree = "<group>";
		};
/* End PBXGroup section */

/* Begin PBXNativeTarget section */
		115E9A332D82A16F00F017F1 /* GroceryTracker */ = {
			isa = PBXNativeTarget;
			buildConfigurationList = 115E9A422D82A17100F017F1 /* Build configuration list for PBXNativeTarget "GroceryTracker" */;
			buildPhases = (
				115E9A302D82A16F00F017F1 /* Sources */,
				115E9A312D82A16F00F017F1 /* Frameworks */,
				115E9A322D82A16F00F017F1 /* Resources */,
			);
			buildRules = (
			);
			dependencies = (
			);
			name = GroceryTracker;
			packageProductDependencies = (
			);
			productName = GroceryTracker;
			productReference = 115E9A342D82A16F00F017F1 /* GroceryTracker.app */;
			productType = "com.apple.product-type.application";
		};
/* End PBXNativeTarget section */

/* Begin PBXProject section */
		115E9A2C2D82A16F00F017F1 /* Project object */ = {
			isa = PBXProject;
			attributes = {
				BuildIndependentTargetsInParallel = 1;
				LastSwiftUpdateCheck = 1610;
				LastUpgradeCheck = 1610;
				TargetAttributes = {
					115E9A332D82A16F00F017F1 = {
						CreatedOnToolsVersion = 16.1;
					};
				};
			};
			buildConfigurationList = 115E9A2F2D82A16F00F017F1 /* Build configuration list for PBXProject "GroceryTracker" */;
			developmentRegion = en;
			hasScannedForEncodings = 0;
			knownRegions = (
				en,
				Base,
			);
			mainGroup = 115E9A2B2D82A16F00F017F1;
			minimizedProjectReferenceProxies = 1;
			preferredProjectObjectVersion = 77;
			productRefGroup = 115E9A352D82A16F00F017F1 /* Products */;
			projectDirPath = "";
			projectRoot = "";
			targets = (
				115E9A332D82A16F00F017F1 /* GroceryTracker */,
			);
		};
/* End PBXProject section */

/* Begin PBXResourcesBuildPhase section */
		115E9A322D82A16F00F017F1 /* Resources */ = {
			isa = PBXResourcesBuildPhase;
			buildActionMask = 2147483647;
			files = (
				115E9A4B2D82A17600F017F1 /* Preview Assets.xcassets in Resources */,
				115E9A4C2D82A17600F017F1 /* Assets.xcassets in Resources */,
			);
			runOnlyForDeploymentPostprocessing = 0;
		};
/* End PBXResourcesBuildPhase section */

/* Begin PBXSourcesBuildPhase section */
		115E9A302D82A16F00F017F1 /* Sources */ = {
			isa = PBXSourcesBuildPhase;
			buildActionMask = 2147483647;
			files = (
				115E9A5B2D82DA1300F017F1 /* ExpiredProductsView.swift in Sources */,
				11B5AEFF2D83084E00DAAE26 /* MainView.swift in Sources */,
				115E9A4D2D82A17600F017F1 /* HomeView.swift in Sources */,
				115E9A522D82B34D00F017F1 /* HeaderView.swift in Sources */,
				118611462D82FDF1003E9789 /* CustomTabBar.swift in Sources */,
				115E9A562D82D2B000F017F1 /* ExpiredProducts.swift in Sources */,
				115E9A4E2D82A17600F017F1 /* GroceryTrackerApp.swift in Sources */,
				11B5AF012D830CAF00DAAE26 /* ExpiredProductsListView.swift in Sources */,
				115E9A542D82CA5D00F017F1 /* GroceryBudgetView.swift in Sources */,
				11DCF5DA2D82ED900099CCC6 /* ExpiringSoonProductsView.swift in Sources */,
				11EFEE582D82E2B500AA5719 /* ExpiringSoonProducts.swift in Sources */,
				11DCF5DC2D82EF870099CCC6 /* FamilyMembersView.swift in Sources */,
				115E9A592D82D31800F017F1 /* ItemsViewModel.swift in Sources */,
				111FEE172D85985600C1F662 /* ExpiringSoonProductsListView.swift in Sources */,
			);
			runOnlyForDeploymentPostprocessing = 0;
		};
/* End PBXSourcesBuildPhase section */

/* Begin XCBuildConfiguration section */
		115E9A402D82A17100F017F1 /* Debug */ = {
			isa = XCBuildConfiguration;
			buildSettings = {
				ALWAYS_SEARCH_USER_PATHS = NO;
				ASSETCATALOG_COMPILER_GENERATE_SWIFT_ASSET_SYMBOL_EXTENSIONS = YES;
				CLANG_ANALYZER_NONNULL = YES;
				CLANG_ANALYZER_NUMBER_OBJECT_CONVERSION = YES_AGGRESSIVE;
				CLANG_CXX_LANGUAGE_STANDARD = "gnu++20";
				CLANG_ENABLE_MODULES = YES;
				CLANG_ENABLE_OBJC_ARC = YES;
				CLANG_ENABLE_OBJC_WEAK = YES;
				CLANG_WARN_BLOCK_CAPTURE_AUTORELEASING = YES;
				CLANG_WARN_BOOL_CONVERSION = YES;
				CLANG_WARN_COMMA = YES;
				CLANG_WARN_CONSTANT_CONVERSION = YES;
				CLANG_WARN_DEPRECATED_OBJC_IMPLEMENTATIONS = YES;
				CLANG_WARN_DIRECT_OBJC_ISA_USAGE = YES_ERROR;
				CLANG_WARN_DOCUMENTATION_COMMENTS = YES;
				CLANG_WARN_EMPTY_BODY = YES;
				CLANG_WARN_ENUM_CONVERSION = YES;
				CLANG_WARN_INFINITE_RECURSION = YES;
				CLANG_WARN_INT_CONVERSION = YES;
				CLANG_WARN_NON_LITERAL_NULL_CONVERSION = YES;
				CLANG_WARN_OBJC_IMPLICIT_RETAIN_SELF = YES;
				CLANG_WARN_OBJC_LITERAL_CONVERSION = YES;
				CLANG_WARN_OBJC_ROOT_CLASS = YES_ERROR;
				CLANG_WARN_QUOTED_INCLUDE_IN_FRAMEWORK_HEADER = YES;
				CLANG_WARN_RANGE_LOOP_ANALYSIS = YES;
				CLANG_WARN_STRICT_PROTOTYPES = YES;
				CLANG_WARN_SUSPICIOUS_MOVE = YES;
				CLANG_WARN_UNGUARDED_AVAILABILITY = YES_AGGRESSIVE;
				CLANG_WARN_UNREACHABLE_CODE = YES;
				CLANG_WARN__DUPLICATE_METHOD_MATCH = YES;
				COPY_PHASE_STRIP = NO;
				DEBUG_INFORMATION_FORMAT = dwarf;
				ENABLE_STRICT_OBJC_MSGSEND = YES;
				ENABLE_TESTABILITY = YES;
				ENABLE_USER_SCRIPT_SANDBOXING = YES;
				GCC_C_LANGUAGE_STANDARD = gnu17;
				GCC_DYNAMIC_NO_PIC = NO;
				GCC_NO_COMMON_BLOCKS = YES;
				GCC_OPTIMIZATION_LEVEL = 0;
				GCC_PREPROCESSOR_DEFINITIONS = (
					"DEBUG=1",
					"$(inherited)",
				);
				GCC_WARN_64_TO_32_BIT_CONVERSION = YES;
				GCC_WARN_ABOUT_RETURN_TYPE = YES_ERROR;
				GCC_WARN_UNDECLARED_SELECTOR = YES;
				GCC_WARN_UNINITIALIZED_AUTOS = YES_AGGRESSIVE;
				GCC_WARN_UNUSED_FUNCTION = YES;
				GCC_WARN_UNUSED_VARIABLE = YES;
				IPHONEOS_DEPLOYMENT_TARGET = 18.1;
				LOCALIZATION_PREFERS_STRING_CATALOGS = YES;
				MTL_ENABLE_DEBUG_INFO = INCLUDE_SOURCE;
				MTL_FAST_MATH = YES;
				ONLY_ACTIVE_ARCH = YES;
				SDKROOT = iphoneos;
				SWIFT_ACTIVE_COMPILATION_CONDITIONS = "DEBUG $(inherited)";
				SWIFT_OPTIMIZATION_LEVEL = "-Onone";
			};
			name = Debug;
		};
		115E9A412D82A17100F017F1 /* Release */ = {
			isa = XCBuildConfiguration;
			buildSettings = {
				ALWAYS_SEARCH_USER_PATHS = NO;
				ASSETCATALOG_COMPILER_GENERATE_SWIFT_ASSET_SYMBOL_EXTENSIONS = YES;
				CLANG_ANALYZER_NONNULL = YES;
				CLANG_ANALYZER_NUMBER_OBJECT_CONVERSION = YES_AGGRESSIVE;
				CLANG_CXX_LANGUAGE_STANDARD = "gnu++20";
				CLANG_ENABLE_MODULES = YES;
				CLANG_ENABLE_OBJC_ARC = YES;
				CLANG_ENABLE_OBJC_WEAK = YES;
				CLANG_WARN_BLOCK_CAPTURE_AUTORELEASING = YES;
				CLANG_WARN_BOOL_CONVERSION = YES;
				CLANG_WARN_COMMA = YES;
				CLANG_WARN_CONSTANT_CONVERSION = YES;
				CLANG_WARN_DEPRECATED_OBJC_IMPLEMENTATIONS = YES;
				CLANG_WARN_DIRECT_OBJC_ISA_USAGE = YES_ERROR;
				CLANG_WARN_DOCUMENTATION_COMMENTS = YES;
				CLANG_WARN_EMPTY_BODY = YES;
				CLANG_WARN_ENUM_CONVERSION = YES;
				CLANG_WARN_INFINITE_RECURSION = YES;
				CLANG_WARN_INT_CONVERSION = YES;
				CLANG_WARN_NON_LITERAL_NULL_CONVERSION = YES;
				CLANG_WARN_OBJC_IMPLICIT_RETAIN_SELF = YES;
				CLANG_WARN_OBJC_LITERAL_CONVERSION = YES;
				CLANG_WARN_OBJC_ROOT_CLASS = YES_ERROR;
				CLANG_WARN_QUOTED_INCLUDE_IN_FRAMEWORK_HEADER = YES;
				CLANG_WARN_RANGE_LOOP_ANALYSIS = YES;
				CLANG_WARN_STRICT_PROTOTYPES = YES;
				CLANG_WARN_SUSPICIOUS_MOVE = YES;
				CLANG_WARN_UNGUARDED_AVAILABILITY = YES_AGGRESSIVE;
				CLANG_WARN_UNREACHABLE_CODE = YES;
				CLANG_WARN__DUPLICATE_METHOD_MATCH = YES;
				COPY_PHASE_STRIP = NO;
				DEBUG_INFORMATION_FORMAT = "dwarf-with-dsym";
				ENABLE_NS_ASSERTIONS = NO;
				ENABLE_STRICT_OBJC_MSGSEND = YES;
				ENABLE_USER_SCRIPT_SANDBOXING = YES;
				GCC_C_LANGUAGE_STANDARD = gnu17;
				GCC_NO_COMMON_BLOCKS = YES;
				GCC_WARN_64_TO_32_BIT_CONVERSION = YES;
				GCC_WARN_ABOUT_RETURN_TYPE = YES_ERROR;
				GCC_WARN_UNDECLARED_SELECTOR = YES;
				GCC_WARN_UNINITIALIZED_AUTOS = YES_AGGRESSIVE;
				GCC_WARN_UNUSED_FUNCTION = YES;
				GCC_WARN_UNUSED_VARIABLE = YES;
				IPHONEOS_DEPLOYMENT_TARGET = 18.1;
				LOCALIZATION_PREFERS_STRING_CATALOGS = YES;
				MTL_ENABLE_DEBUG_INFO = NO;
				MTL_FAST_MATH = YES;
				SDKROOT = iphoneos;
				SWIFT_COMPILATION_MODE = wholemodule;
				VALIDATE_PRODUCT = YES;
			};
			name = Release;
		};
		115E9A432D82A17100F017F1 /* Debug */ = {
			isa = XCBuildConfiguration;
			buildSettings = {
				ASSETCATALOG_COMPILER_APPICON_NAME = AppIcon;
				ASSETCATALOG_COMPILER_GLOBAL_ACCENT_COLOR_NAME = AccentColor;
				CODE_SIGN_STYLE = Automatic;
				CURRENT_PROJECT_VERSION = 1;
				DEVELOPMENT_ASSET_PATHS = "\"GroceryTracker/Preview Content\"";
				DEVELOPMENT_TEAM = PA2PS9S3T4;
				ENABLE_PREVIEWS = YES;
				GENERATE_INFOPLIST_FILE = YES;
				INFOPLIST_KEY_UIApplicationSceneManifest_Generation = YES;
				INFOPLIST_KEY_UIApplicationSupportsIndirectInputEvents = YES;
				INFOPLIST_KEY_UILaunchScreen_Generation = YES;
				INFOPLIST_KEY_UISupportedInterfaceOrientations_iPad = "UIInterfaceOrientationPortrait UIInterfaceOrientationPortraitUpsideDown UIInterfaceOrientationLandscapeLeft UIInterfaceOrientationLandscapeRight";
				INFOPLIST_KEY_UISupportedInterfaceOrientations_iPhone = "UIInterfaceOrientationPortrait UIInterfaceOrientationLandscapeLeft UIInterfaceOrientationLandscapeRight";
				LD_RUNPATH_SEARCH_PATHS = (
					"$(inherited)",
					"@executable_path/Frameworks",
				);
				MARKETING_VERSION = 1.0;
				PRODUCT_BUNDLE_IDENTIFIER = me.troy.GroceryTracker;
				PRODUCT_NAME = "$(TARGET_NAME)";
				SWIFT_EMIT_LOC_STRINGS = YES;
				SWIFT_VERSION = 5.0;
				TARGETED_DEVICE_FAMILY = "1,2";
			};
			name = Debug;
		};
		115E9A442D82A17100F017F1 /* Release */ = {
			isa = XCBuildConfiguration;
			buildSettings = {
				ASSETCATALOG_COMPILER_APPICON_NAME = AppIcon;
				ASSETCATALOG_COMPILER_GLOBAL_ACCENT_COLOR_NAME = AccentColor;
				CODE_SIGN_STYLE = Automatic;
				CURRENT_PROJECT_VERSION = 1;
				DEVELOPMENT_ASSET_PATHS = "\"GroceryTracker/Preview Content\"";
				DEVELOPMENT_TEAM = PA2PS9S3T4;
				ENABLE_PREVIEWS = YES;
				GENERATE_INFOPLIST_FILE = YES;
				INFOPLIST_KEY_UIApplicationSceneManifest_Generation = YES;
				INFOPLIST_KEY_UIApplicationSupportsIndirectInputEvents = YES;
				INFOPLIST_KEY_UILaunchScreen_Generation = YES;
				INFOPLIST_KEY_UISupportedInterfaceOrientations_iPad = "UIInterfaceOrientationPortrait UIInterfaceOrientationPortraitUpsideDown UIInterfaceOrientationLandscapeLeft UIInterfaceOrientationLandscapeRight";
				INFOPLIST_KEY_UISupportedInterfaceOrientations_iPhone = "UIInterfaceOrientationPortrait UIInterfaceOrientationLandscapeLeft UIInterfaceOrientationLandscapeRight";
				LD_RUNPATH_SEARCH_PATHS = (
					"$(inherited)",
					"@executable_path/Frameworks",
				);
				MARKETING_VERSION = 1.0;
				PRODUCT_BUNDLE_IDENTIFIER = me.troy.GroceryTracker;
				PRODUCT_NAME = "$(TARGET_NAME)";
				SWIFT_EMIT_LOC_STRINGS = YES;
				SWIFT_VERSION = 5.0;
				TARGETED_DEVICE_FAMILY = "1,2";
			};
			name = Release;
		};
/* End XCBuildConfiguration section */

/* Begin XCConfigurationList section */
		115E9A2F2D82A16F00F017F1 /* Build configuration list for PBXProject "GroceryTracker" */ = {
			isa = XCConfigurationList;
			buildConfigurations = (
				115E9A402D82A17100F017F1 /* Debug */,
				115E9A412D82A17100F017F1 /* Release */,
			);
			defaultConfigurationIsVisible = 0;
			defaultConfigurationName = Release;
		};
		115E9A422D82A17100F017F1 /* Build configuration list for PBXNativeTarget "GroceryTracker" */ = {
			isa = XCConfigurationList;
			buildConfigurations = (
				115E9A432D82A17100F017F1 /* Debug */,
				115E9A442D82A17100F017F1 /* Release */,
			);
			defaultConfigurationIsVisible = 0;
			defaultConfigurationName = Release;
		};
/* End XCConfigurationList section */
	};
	rootObject = 115E9A2C2D82A16F00F017F1 /* Project object */;
}
